// !$*UTF8*$!
{
	archiveVersion = 1;
	classes = {
	};
	objectVersion = 55;
	objects = {

/* Begin PBXBuildFile section */
		1707447D287322070055ADA2 /* MovieCheckerApp.swift in Sources */ = {isa = PBXBuildFile; fileRef = 1707447C287322070055ADA2 /* MovieCheckerApp.swift */; };
		1707447F287322070055ADA2 /* ContentView.swift in Sources */ = {isa = PBXBuildFile; fileRef = 1707447E287322070055ADA2 /* ContentView.swift */; };
		17074481287322090055ADA2 /* Assets.xcassets in Resources */ = {isa = PBXBuildFile; fileRef = 17074480287322090055ADA2 /* Assets.xcassets */; };
		17074484287322090055ADA2 /* Preview Assets.xcassets in Resources */ = {isa = PBXBuildFile; fileRef = 17074483287322090055ADA2 /* Preview Assets.xcassets */; };
		1707448C287422CD0055ADA2 /* Movie.swift in Sources */ = {isa = PBXBuildFile; fileRef = 1707448B287422CD0055ADA2 /* Movie.swift */; };
		1707448F287427DB0055ADA2 /* MovieService.swift in Sources */ = {isa = PBXBuildFile; fileRef = 1707448E287427DB0055ADA2 /* MovieService.swift */; };
		1707449228742F470055ADA2 /* MovieStore.swift in Sources */ = {isa = PBXBuildFile; fileRef = 1707449128742F470055ADA2 /* MovieStore.swift */; };
		170744942874344D0055ADA2 /* Utilis.swift in Sources */ = {isa = PBXBuildFile; fileRef = 170744932874344D0055ADA2 /* Utilis.swift */; };
		173CED80287F031F00681F8E /* MovieDetailsView.swift in Sources */ = {isa = PBXBuildFile; fileRef = 173CED7F287F031F00681F8E /* MovieDetailsView.swift */; };
		173CED82287F03B300681F8E /* MovieDetailsState.swift in Sources */ = {isa = PBXBuildFile; fileRef = 173CED81287F03B300681F8E /* MovieDetailsState.swift */; };
		173CED8428825C1E00681F8E /* SafariView.swift in Sources */ = {isa = PBXBuildFile; fileRef = 173CED8328825C1E00681F8E /* SafariView.swift */; };
		173CED862882A9F500681F8E /* MovieSearchView.swift in Sources */ = {isa = PBXBuildFile; fileRef = 173CED852882A9F500681F8E /* MovieSearchView.swift */; };
		173CED882882AA3200681F8E /* SearchBar.swift in Sources */ = {isa = PBXBuildFile; fileRef = 173CED872882AA3200681F8E /* SearchBar.swift */; };
		173CED8A2882C23900681F8E /* MovieSearchState.swift in Sources */ = {isa = PBXBuildFile; fileRef = 173CED892882C23900681F8E /* MovieSearchState.swift */; };
		17457D112876E1A600E94F0F /* Movie-Extensions.swift in Sources */ = {isa = PBXBuildFile; fileRef = 17457D102876E1A600E94F0F /* Movie-Extensions.swift */; };
		1752F5012876FCB700651AE2 /* movie_list.json in Resources */ = {isa = PBXBuildFile; fileRef = 1752F4FE2876FCB700651AE2 /* movie_list.json */; };
		1752F5022876FCB700651AE2 /* movie_info.json in Resources */ = {isa = PBXBuildFile; fileRef = 1752F4FF2876FCB700651AE2 /* movie_info.json */; };
		1752F5032876FCB700651AE2 /* search_movie.json in Resources */ = {isa = PBXBuildFile; fileRef = 1752F5002876FCB700651AE2 /* search_movie.json */; };
		1752F530287818B900651AE2 /* MovieBackdropCard.swift in Sources */ = {isa = PBXBuildFile; fileRef = 1752F52F287818B900651AE2 /* MovieBackdropCard.swift */; };
		1752F533287818FA00651AE2 /* ImageLoader.swift in Sources */ = {isa = PBXBuildFile; fileRef = 1752F532287818FA00651AE2 /* ImageLoader.swift */; };
		1752F553287ACFB700651AE2 /* MovieBackdropView.swift in Sources */ = {isa = PBXBuildFile; fileRef = 1752F552287ACFB700651AE2 /* MovieBackdropView.swift */; };
		1752F555287AF41900651AE2 /* MoviePosterCard.swift in Sources */ = {isa = PBXBuildFile; fileRef = 1752F554287AF41900651AE2 /* MoviePosterCard.swift */; };
		1752F557287AFBF200651AE2 /* MoviePosterView.swift in Sources */ = {isa = PBXBuildFile; fileRef = 1752F556287AFBF200651AE2 /* MoviePosterView.swift */; };
		1752F559287AFFB300651AE2 /* MovieListState.swift in Sources */ = {isa = PBXBuildFile; fileRef = 1752F558287AFFB300651AE2 /* MovieListState.swift */; };
		1752F55E287BB99400651AE2 /* ActivityIndicatorView.swift in Sources */ = {isa = PBXBuildFile; fileRef = 1752F55D287BB99400651AE2 /* ActivityIndicatorView.swift */; };
		1752F562287BBF7000651AE2 /* LoadingView.swift in Sources */ = {isa = PBXBuildFile; fileRef = 1752F561287BBF7000651AE2 /* LoadingView.swift */; };
		1752F564287C226B00651AE2 /* MovieListView.swift in Sources */ = {isa = PBXBuildFile; fileRef = 1752F563287C226B00651AE2 /* MovieListView.swift */; };
/* End PBXBuildFile section */

/* Begin PBXFileReference section */
		17074479287322070055ADA2 /* MovieChecker.app */ = {isa = PBXFileReference; explicitFileType = wrapper.application; includeInIndex = 0; path = MovieChecker.app; sourceTree = BUILT_PRODUCTS_DIR; };
		1707447C287322070055ADA2 /* MovieCheckerApp.swift */ = {isa = PBXFileReference; lastKnownFileType = sourcecode.swift; path = MovieCheckerApp.swift; sourceTree = "<group>"; };
		1707447E287322070055ADA2 /* ContentView.swift */ = {isa = PBXFileReference; lastKnownFileType = sourcecode.swift; path = ContentView.swift; sourceTree = "<group>"; };
		17074480287322090055ADA2 /* Assets.xcassets */ = {isa = PBXFileReference; lastKnownFileType = folder.assetcatalog; path = Assets.xcassets; sourceTree = "<group>"; };
		17074483287322090055ADA2 /* Preview Assets.xcassets */ = {isa = PBXFileReference; lastKnownFileType = folder.assetcatalog; path = "Preview Assets.xcassets"; sourceTree = "<group>"; };
		1707448B287422CD0055ADA2 /* Movie.swift */ = {isa = PBXFileReference; lastKnownFileType = sourcecode.swift; path = Movie.swift; sourceTree = "<group>"; };
		1707448E287427DB0055ADA2 /* MovieService.swift */ = {isa = PBXFileReference; lastKnownFileType = sourcecode.swift; path = MovieService.swift; sourceTree = "<group>"; };
		1707449128742F470055ADA2 /* MovieStore.swift */ = {isa = PBXFileReference; lastKnownFileType = sourcecode.swift; path = MovieStore.swift; sourceTree = "<group>"; };
		170744932874344D0055ADA2 /* Utilis.swift */ = {isa = PBXFileReference; lastKnownFileType = sourcecode.swift; path = Utilis.swift; sourceTree = "<group>"; };
		173CED7F287F031F00681F8E /* MovieDetailsView.swift */ = {isa = PBXFileReference; lastKnownFileType = sourcecode.swift; path = MovieDetailsView.swift; sourceTree = "<group>"; };
		173CED81287F03B300681F8E /* MovieDetailsState.swift */ = {isa = PBXFileReference; lastKnownFileType = sourcecode.swift; path = MovieDetailsState.swift; sourceTree = "<group>"; };
		173CED8328825C1E00681F8E /* SafariView.swift */ = {isa = PBXFileReference; lastKnownFileType = sourcecode.swift; path = SafariView.swift; sourceTree = "<group>"; };
		173CED852882A9F500681F8E /* MovieSearchView.swift */ = {isa = PBXFileReference; lastKnownFileType = sourcecode.swift; path = MovieSearchView.swift; sourceTree = "<group>"; };
		173CED872882AA3200681F8E /* SearchBar.swift */ = {isa = PBXFileReference; lastKnownFileType = sourcecode.swift; path = SearchBar.swift; sourceTree = "<group>"; };
		173CED892882C23900681F8E /* MovieSearchState.swift */ = {isa = PBXFileReference; lastKnownFileType = sourcecode.swift; path = MovieSearchState.swift; sourceTree = "<group>"; };
		17457D102876E1A600E94F0F /* Movie-Extensions.swift */ = {isa = PBXFileReference; lastKnownFileType = sourcecode.swift; path = "Movie-Extensions.swift"; sourceTree = "<group>"; };
		1752F4FE2876FCB700651AE2 /* movie_list.json */ = {isa = PBXFileReference; fileEncoding = 4; lastKnownFileType = text.json; path = movie_list.json; sourceTree = "<group>"; };
		1752F4FF2876FCB700651AE2 /* movie_info.json */ = {isa = PBXFileReference; fileEncoding = 4; lastKnownFileType = text.json; path = movie_info.json; sourceTree = "<group>"; };
		1752F5002876FCB700651AE2 /* search_movie.json */ = {isa = PBXFileReference; fileEncoding = 4; lastKnownFileType = text.json; path = search_movie.json; sourceTree = "<group>"; };
		1752F52F287818B900651AE2 /* MovieBackdropCard.swift */ = {isa = PBXFileReference; lastKnownFileType = sourcecode.swift; path = MovieBackdropCard.swift; sourceTree = "<group>"; };
		1752F532287818FA00651AE2 /* ImageLoader.swift */ = {isa = PBXFileReference; lastKnownFileType = sourcecode.swift; path = ImageLoader.swift; sourceTree = "<group>"; };
		1752F552287ACFB700651AE2 /* MovieBackdropView.swift */ = {isa = PBXFileReference; lastKnownFileType = sourcecode.swift; path = MovieBackdropView.swift; sourceTree = "<group>"; };
		1752F554287AF41900651AE2 /* MoviePosterCard.swift */ = {isa = PBXFileReference; lastKnownFileType = sourcecode.swift; path = MoviePosterCard.swift; sourceTree = "<group>"; };
		1752F556287AFBF200651AE2 /* MoviePosterView.swift */ = {isa = PBXFileReference; lastKnownFileType = sourcecode.swift; path = MoviePosterView.swift; sourceTree = "<group>"; };
		1752F558287AFFB300651AE2 /* MovieListState.swift */ = {isa = PBXFileReference; lastKnownFileType = sourcecode.swift; path = MovieListState.swift; sourceTree = "<group>"; };
		1752F55D287BB99400651AE2 /* ActivityIndicatorView.swift */ = {isa = PBXFileReference; lastKnownFileType = sourcecode.swift; path = ActivityIndicatorView.swift; sourceTree = "<group>"; };
		1752F561287BBF7000651AE2 /* LoadingView.swift */ = {isa = PBXFileReference; lastKnownFileType = sourcecode.swift; path = LoadingView.swift; sourceTree = "<group>"; };
		1752F563287C226B00651AE2 /* MovieListView.swift */ = {isa = PBXFileReference; lastKnownFileType = sourcecode.swift; path = MovieListView.swift; sourceTree = "<group>"; };
/* End PBXFileReference section */

/* Begin PBXFrameworksBuildPhase section */
		17074476287322070055ADA2 /* Frameworks */ = {
			isa = PBXFrameworksBuildPhase;
			buildActionMask = 2147483647;
			files = (
			);
			runOnlyForDeploymentPostprocessing = 0;
		};
/* End PBXFrameworksBuildPhase section */

/* Begin PBXGroup section */
		17074470287322070055ADA2 = {
			isa = PBXGroup;
			children = (
				1707447B287322070055ADA2 /* MovieChecker */,
				1707447A287322070055ADA2 /* Products */,
			);
			sourceTree = "<group>";
		};
		1707447A287322070055ADA2 /* Products */ = {
			isa = PBXGroup;
			children = (
				17074479287322070055ADA2 /* MovieChecker.app */,
			);
			name = Products;
			sourceTree = "<group>";
		};
		1707447B287322070055ADA2 /* MovieChecker */ = {
			isa = PBXGroup;
			children = (
				1707447C287322070055ADA2 /* MovieCheckerApp.swift */,
				170744932874344D0055ADA2 /* Utilis.swift */,
				1752F531287818E600651AE2 /* Bindings */,
				1752F52E2878186D00651AE2 /* Views */,
				1752F4F72876F76400651AE2 /* Resources */,
				1707448D287427CB0055ADA2 /* Services */,
				1707448A287422B50055ADA2 /* Models */,
				17074480287322090055ADA2 /* Assets.xcassets */,
				17074482287322090055ADA2 /* Preview Content */,
			);
			path = MovieChecker;
			sourceTree = "<group>";
		};
		17074482287322090055ADA2 /* Preview Content */ = {
			isa = PBXGroup;
			children = (
				17074483287322090055ADA2 /* Preview Assets.xcassets */,
			);
			path = "Preview Content";
			sourceTree = "<group>";
		};
		1707448A287422B50055ADA2 /* Models */ = {
			isa = PBXGroup;
			children = (
				17457D102876E1A600E94F0F /* Movie-Extensions.swift */,
			);
			path = Models;
			sourceTree = "<group>";
		};
		1707448D287427CB0055ADA2 /* Services */ = {
			isa = PBXGroup;
			children = (
				1707448E287427DB0055ADA2 /* MovieService.swift */,
				1707449128742F470055ADA2 /* MovieStore.swift */,
			);
			path = Services;
			sourceTree = "<group>";
		};
		1752F4F72876F76400651AE2 /* Resources */ = {
			isa = PBXGroup;
			children = (
				1752F4FE2876FCB700651AE2 /* movie_list.json */,
				1752F4FF2876FCB700651AE2 /* movie_info.json */,
				1707448B287422CD0055ADA2 /* Movie.swift */,
				1752F5002876FCB700651AE2 /* search_movie.json */,
			);
			path = Resources;
			sourceTree = "<group>";
		};
		1752F52E2878186D00651AE2 /* Views */ = {
			isa = PBXGroup;
			children = (
				1752F55A287BB3F200651AE2 /* UIKitViews */,
				173CED7F287F031F00681F8E /* MovieDetailsView.swift */,
				1752F52F287818B900651AE2 /* MovieBackdropCard.swift */,
				1752F552287ACFB700651AE2 /* MovieBackdropView.swift */,
				1752F554287AF41900651AE2 /* MoviePosterCard.swift */,
				1752F556287AFBF200651AE2 /* MoviePosterView.swift */,
				1752F563287C226B00651AE2 /* MovieListView.swift */,
				173CED852882A9F500681F8E /* MovieSearchView.swift */,
				1752F561287BBF7000651AE2 /* LoadingView.swift */,
				1707447E287322070055ADA2 /* ContentView.swift */,
			);
			path = Views;
			sourceTree = "<group>";
		};
		1752F531287818E600651AE2 /* Bindings */ = {
			isa = PBXGroup;
			children = (
				1752F532287818FA00651AE2 /* ImageLoader.swift */,
				1752F558287AFFB300651AE2 /* MovieListState.swift */,
				173CED81287F03B300681F8E /* MovieDetailsState.swift */,
				173CED892882C23900681F8E /* MovieSearchState.swift */,
			);
			path = Bindings;
			sourceTree = "<group>";
		};
		1752F55A287BB3F200651AE2 /* UIKitViews */ = {
			isa = PBXGroup;
			children = (
				1752F55D287BB99400651AE2 /* ActivityIndicatorView.swift */,
				173CED8328825C1E00681F8E /* SafariView.swift */,
				173CED872882AA3200681F8E /* SearchBar.swift */,
			);
			path = UIKitViews;
			sourceTree = "<group>";
		};
/* End PBXGroup section */

/* Begin PBXNativeTarget section */
		17074478287322070055ADA2 /* MovieChecker */ = {
			isa = PBXNativeTarget;
			buildConfigurationList = 17074487287322090055ADA2 /* Build configuration list for PBXNativeTarget "MovieChecker" */;
			buildPhases = (
				17074475287322070055ADA2 /* Sources */,
				17074476287322070055ADA2 /* Frameworks */,
				17074477287322070055ADA2 /* Resources */,
			);
			buildRules = (
			);
			dependencies = (
			);
			name = MovieChecker;
			productName = MovieChecker;
			productReference = 17074479287322070055ADA2 /* MovieChecker.app */;
			productType = "com.apple.product-type.application";
		};
/* End PBXNativeTarget section */

/* Begin PBXProject section */
		17074471287322070055ADA2 /* Project object */ = {
			isa = PBXProject;
			attributes = {
				BuildIndependentTargetsInParallel = 1;
				LastSwiftUpdateCheck = 1340;
				LastUpgradeCheck = 1340;
				TargetAttributes = {
					17074478287322070055ADA2 = {
						CreatedOnToolsVersion = 13.4.1;
					};
				};
			};
			buildConfigurationList = 17074474287322070055ADA2 /* Build configuration list for PBXProject "MovieChecker" */;
			compatibilityVersion = "Xcode 13.0";
			developmentRegion = en;
			hasScannedForEncodings = 0;
			knownRegions = (
				en,
				Base,
			);
			mainGroup = 17074470287322070055ADA2;
			productRefGroup = 1707447A287322070055ADA2 /* Products */;
			projectDirPath = "";
			projectRoot = "";
			targets = (
				17074478287322070055ADA2 /* MovieChecker */,
			);
		};
/* End PBXProject section */

/* Begin PBXResourcesBuildPhase section */
		17074477287322070055ADA2 /* Resources */ = {
			isa = PBXResourcesBuildPhase;
			buildActionMask = 2147483647;
			files = (
				17074484287322090055ADA2 /* Preview Assets.xcassets in Resources */,
				1752F5012876FCB700651AE2 /* movie_list.json in Resources */,
				1752F5022876FCB700651AE2 /* movie_info.json in Resources */,
				1752F5032876FCB700651AE2 /* search_movie.json in Resources */,
				17074481287322090055ADA2 /* Assets.xcassets in Resources */,
			);
			runOnlyForDeploymentPostprocessing = 0;
		};
/* End PBXResourcesBuildPhase section */

/* Begin PBXSourcesBuildPhase section */
		17074475287322070055ADA2 /* Sources */ = {
			isa = PBXSourcesBuildPhase;
			buildActionMask = 2147483647;
			files = (
				1707447F287322070055ADA2 /* ContentView.swift in Sources */,
				1707447D287322070055ADA2 /* MovieCheckerApp.swift in Sources */,
				1752F530287818B900651AE2 /* MovieBackdropCard.swift in Sources */,
				1707448F287427DB0055ADA2 /* MovieService.swift in Sources */,
				173CED8A2882C23900681F8E /* MovieSearchState.swift in Sources */,
				1752F557287AFBF200651AE2 /* MoviePosterView.swift in Sources */,
				173CED862882A9F500681F8E /* MovieSearchView.swift in Sources */,
				1752F564287C226B00651AE2 /* MovieListView.swift in Sources */,
				1752F555287AF41900651AE2 /* MoviePosterCard.swift in Sources */,
				1752F559287AFFB300651AE2 /* MovieListState.swift in Sources */,
				173CED80287F031F00681F8E /* MovieDetailsView.swift in Sources */,
				17457D112876E1A600E94F0F /* Movie-Extensions.swift in Sources */,
				1752F562287BBF7000651AE2 /* LoadingView.swift in Sources */,
				1752F533287818FA00651AE2 /* ImageLoader.swift in Sources */,
				173CED8428825C1E00681F8E /* SafariView.swift in Sources */,
				173CED882882AA3200681F8E /* SearchBar.swift in Sources */,
				1707448C287422CD0055ADA2 /* Movie.swift in Sources */,
				173CED82287F03B300681F8E /* MovieDetailsState.swift in Sources */,
				1752F553287ACFB700651AE2 /* MovieBackdropView.swift in Sources */,
				1707449228742F470055ADA2 /* MovieStore.swift in Sources */,
				170744942874344D0055ADA2 /* Utilis.swift in Sources */,
				1752F55E287BB99400651AE2 /* ActivityIndicatorView.swift in Sources */,
			);
			runOnlyForDeploymentPostprocessing = 0;
		};
/* End PBXSourcesBuildPhase section */

/* Begin XCBuildConfiguration section */
		17074485287322090055ADA2 /* Debug */ = {
			isa = XCBuildConfiguration;
			buildSettings = {
				ALWAYS_SEARCH_USER_PATHS = NO;
				CLANG_ANALYZER_NONNULL = YES;
				CLANG_ANALYZER_NUMBER_OBJECT_CONVERSION = YES_AGGRESSIVE;
				CLANG_CXX_LANGUAGE_STANDARD = "gnu++17";
				CLANG_ENABLE_MODULES = YES;
				CLANG_ENABLE_OBJC_ARC = YES;
				CLANG_ENABLE_OBJC_WEAK = YES;
				CLANG_WARN_BLOCK_CAPTURE_AUTORELEASING = YES;
				CLANG_WARN_BOOL_CONVERSION = YES;
				CLANG_WARN_COMMA = YES;
				CLANG_WARN_CONSTANT_CONVERSION = YES;
				CLANG_WARN_DEPRECATED_OBJC_IMPLEMENTATIONS = YES;
				CLANG_WARN_DIRECT_OBJC_ISA_USAGE = YES_ERROR;
				CLANG_WARN_DOCUMENTATION_COMMENTS = YES;
				CLANG_WARN_EMPTY_BODY = YES;
				CLANG_WARN_ENUM_CONVERSION = YES;
				CLANG_WARN_INFINITE_RECURSION = YES;
				CLANG_WARN_INT_CONVERSION = YES;
				CLANG_WARN_NON_LITERAL_NULL_CONVERSION = YES;
				CLANG_WARN_OBJC_IMPLICIT_RETAIN_SELF = YES;
				CLANG_WARN_OBJC_LITERAL_CONVERSION = YES;
				CLANG_WARN_OBJC_ROOT_CLASS = YES_ERROR;
				CLANG_WARN_QUOTED_INCLUDE_IN_FRAMEWORK_HEADER = YES;
				CLANG_WARN_RANGE_LOOP_ANALYSIS = YES;
				CLANG_WARN_STRICT_PROTOTYPES = YES;
				CLANG_WARN_SUSPICIOUS_MOVE = YES;
				CLANG_WARN_UNGUARDED_AVAILABILITY = YES_AGGRESSIVE;
				CLANG_WARN_UNREACHABLE_CODE = YES;
				CLANG_WARN__DUPLICATE_METHOD_MATCH = YES;
				COPY_PHASE_STRIP = NO;
				DEBUG_INFORMATION_FORMAT = dwarf;
				ENABLE_STRICT_OBJC_MSGSEND = YES;
				ENABLE_TESTABILITY = YES;
				GCC_C_LANGUAGE_STANDARD = gnu11;
				GCC_DYNAMIC_NO_PIC = NO;
				GCC_NO_COMMON_BLOCKS = YES;
				GCC_OPTIMIZATION_LEVEL = 0;
				GCC_PREPROCESSOR_DEFINITIONS = (
					"DEBUG=1",
					"$(inherited)",
				);
				GCC_WARN_64_TO_32_BIT_CONVERSION = YES;
				GCC_WARN_ABOUT_RETURN_TYPE = YES_ERROR;
				GCC_WARN_UNDECLARED_SELECTOR = YES;
				GCC_WARN_UNINITIALIZED_AUTOS = YES_AGGRESSIVE;
				GCC_WARN_UNUSED_FUNCTION = YES;
				GCC_WARN_UNUSED_VARIABLE = YES;
				IPHONEOS_DEPLOYMENT_TARGET = 15.5;
				MTL_ENABLE_DEBUG_INFO = INCLUDE_SOURCE;
				MTL_FAST_MATH = YES;
				ONLY_ACTIVE_ARCH = YES;
				SDKROOT = iphoneos;
				SWIFT_ACTIVE_COMPILATION_CONDITIONS = DEBUG;
				SWIFT_OPTIMIZATION_LEVEL = "-Onone";
			};
			name = Debug;
		};
		17074486287322090055ADA2 /* Release */ = {
			isa = XCBuildConfiguration;
			buildSettings = {
				ALWAYS_SEARCH_USER_PATHS = NO;
				CLANG_ANALYZER_NONNULL = YES;
				CLANG_ANALYZER_NUMBER_OBJECT_CONVERSION = YES_AGGRESSIVE;
				CLANG_CXX_LANGUAGE_STANDARD = "gnu++17";
				CLANG_ENABLE_MODULES = YES;
				CLANG_ENABLE_OBJC_ARC = YES;
				CLANG_ENABLE_OBJC_WEAK = YES;
				CLANG_WARN_BLOCK_CAPTURE_AUTORELEASING = YES;
				CLANG_WARN_BOOL_CONVERSION = YES;
				CLANG_WARN_COMMA = YES;
				CLANG_WARN_CONSTANT_CONVERSION = YES;
				CLANG_WARN_DEPRECATED_OBJC_IMPLEMENTATIONS = YES;
				CLANG_WARN_DIRECT_OBJC_ISA_USAGE = YES_ERROR;
				CLANG_WARN_DOCUMENTATION_COMMENTS = YES;
				CLANG_WARN_EMPTY_BODY = YES;
				CLANG_WARN_ENUM_CONVERSION = YES;
				CLANG_WARN_INFINITE_RECURSION = YES;
				CLANG_WARN_INT_CONVERSION = YES;
				CLANG_WARN_NON_LITERAL_NULL_CONVERSION = YES;
				CLANG_WARN_OBJC_IMPLICIT_RETAIN_SELF = YES;
				CLANG_WARN_OBJC_LITERAL_CONVERSION = YES;
				CLANG_WARN_OBJC_ROOT_CLASS = YES_ERROR;
				CLANG_WARN_QUOTED_INCLUDE_IN_FRAMEWORK_HEADER = YES;
				CLANG_WARN_RANGE_LOOP_ANALYSIS = YES;
				CLANG_WARN_STRICT_PROTOTYPES = YES;
				CLANG_WARN_SUSPICIOUS_MOVE = YES;
				CLANG_WARN_UNGUARDED_AVAILABILITY = YES_AGGRESSIVE;
				CLANG_WARN_UNREACHABLE_CODE = YES;
				CLANG_WARN__DUPLICATE_METHOD_MATCH = YES;
				COPY_PHASE_STRIP = NO;
				DEBUG_INFORMATION_FORMAT = "dwarf-with-dsym";
				ENABLE_NS_ASSERTIONS = NO;
				ENABLE_STRICT_OBJC_MSGSEND = YES;
				GCC_C_LANGUAGE_STANDARD = gnu11;
				GCC_NO_COMMON_BLOCKS = YES;
				GCC_WARN_64_TO_32_BIT_CONVERSION = YES;
				GCC_WARN_ABOUT_RETURN_TYPE = YES_ERROR;
				GCC_WARN_UNDECLARED_SELECTOR = YES;
				GCC_WARN_UNINITIALIZED_AUTOS = YES_AGGRESSIVE;
				GCC_WARN_UNUSED_FUNCTION = YES;
				GCC_WARN_UNUSED_VARIABLE = YES;
				IPHONEOS_DEPLOYMENT_TARGET = 15.5;
				MTL_ENABLE_DEBUG_INFO = NO;
				MTL_FAST_MATH = YES;
				SDKROOT = iphoneos;
				SWIFT_COMPILATION_MODE = wholemodule;
				SWIFT_OPTIMIZATION_LEVEL = "-O";
				VALIDATE_PRODUCT = YES;
			};
			name = Release;
		};
		17074488287322090055ADA2 /* Debug */ = {
			isa = XCBuildConfiguration;
			buildSettings = {
				ASSETCATALOG_COMPILER_APPICON_NAME = AppIcon;
				ASSETCATALOG_COMPILER_GLOBAL_ACCENT_COLOR_NAME = AccentColor;
				CODE_SIGN_STYLE = Automatic;
				CURRENT_PROJECT_VERSION = 1;
				DEVELOPMENT_ASSET_PATHS = "\"MovieChecker/Preview Content\"";
				DEVELOPMENT_TEAM = 8VXC22CHMF;
				ENABLE_PREVIEWS = YES;
				GENERATE_INFOPLIST_FILE = YES;
				INFOPLIST_KEY_UIApplicationSceneManifest_Generation = YES;
				INFOPLIST_KEY_UIApplicationSupportsIndirectInputEvents = YES;
				INFOPLIST_KEY_UILaunchScreen_Generation = YES;
				INFOPLIST_KEY_UISupportedInterfaceOrientations_iPad = "UIInterfaceOrientationPortrait UIInterfaceOrientationPortraitUpsideDown UIInterfaceOrientationLandscapeLeft UIInterfaceOrientationLandscapeRight";
				INFOPLIST_KEY_UISupportedInterfaceOrientations_iPhone = "UIInterfaceOrientationPortrait UIInterfaceOrientationLandscapeLeft UIInterfaceOrientationLandscapeRight";
				LD_RUNPATH_SEARCH_PATHS = (
					"$(inherited)",
					"@executable_path/Frameworks",
				);
				MARKETING_VERSION = 1.0;
				PRODUCT_BUNDLE_IDENTIFIER = Codeable.MovieChecker;
				PRODUCT_NAME = "$(TARGET_NAME)";
				SWIFT_EMIT_LOC_STRINGS = YES;
				SWIFT_VERSION = 5.0;
				TARGETED_DEVICE_FAMILY = "1,2";
			};
			name = Debug;
		};
		17074489287322090055ADA2 /* Release */ = {
			isa = XCBuildConfiguration;
			buildSettings = {
				ASSETCATALOG_COMPILER_APPICON_NAME = AppIcon;
				ASSETCATALOG_COMPILER_GLOBAL_ACCENT_COLOR_NAME = AccentColor;
				CODE_SIGN_STYLE = Automatic;
				CURRENT_PROJECT_VERSION = 1;
				DEVELOPMENT_ASSET_PATHS = "\"MovieChecker/Preview Content\"";
				DEVELOPMENT_TEAM = 8VXC22CHMF;
				ENABLE_PREVIEWS = YES;
				GENERATE_INFOPLIST_FILE = YES;
				INFOPLIST_KEY_UIApplicationSceneManifest_Generation = YES;
				INFOPLIST_KEY_UIApplicationSupportsIndirectInputEvents = YES;
				INFOPLIST_KEY_UILaunchScreen_Generation = YES;
				INFOPLIST_KEY_UISupportedInterfaceOrientations_iPad = "UIInterfaceOrientationPortrait UIInterfaceOrientationPortraitUpsideDown UIInterfaceOrientationLandscapeLeft UIInterfaceOrientationLandscapeRight";
				INFOPLIST_KEY_UISupportedInterfaceOrientations_iPhone = "UIInterfaceOrientationPortrait UIInterfaceOrientationLandscapeLeft UIInterfaceOrientationLandscapeRight";
				LD_RUNPATH_SEARCH_PATHS = (
					"$(inherited)",
					"@executable_path/Frameworks",
				);
				MARKETING_VERSION = 1.0;
				PRODUCT_BUNDLE_IDENTIFIER = Codeable.MovieChecker;
				PRODUCT_NAME = "$(TARGET_NAME)";
				SWIFT_EMIT_LOC_STRINGS = YES;
				SWIFT_VERSION = 5.0;
				TARGETED_DEVICE_FAMILY = "1,2";
			};
			name = Release;
		};
/* End XCBuildConfiguration section */

/* Begin XCConfigurationList section */
		17074474287322070055ADA2 /* Build configuration list for PBXProject "MovieChecker" */ = {
			isa = XCConfigurationList;
			buildConfigurations = (
				17074485287322090055ADA2 /* Debug */,
				17074486287322090055ADA2 /* Release */,
			);
			defaultConfigurationIsVisible = 0;
			defaultConfigurationName = Release;
		};
		17074487287322090055ADA2 /* Build configuration list for PBXNativeTarget "MovieChecker" */ = {
			isa = XCConfigurationList;
			buildConfigurations = (
				17074488287322090055ADA2 /* Debug */,
				17074489287322090055ADA2 /* Release */,
			);
			defaultConfigurationIsVisible = 0;
			defaultConfigurationName = Release;
		};
/* End XCConfigurationList section */
	};
	rootObject = 17074471287322070055ADA2 /* Project object */;
}
